[[package]]
category = "main"
description = "Library for prompting input on the command line."
name = "prompt"
optional = false
python-versions = ">=3.3"
version = "0.4.1"

[metadata]
content-hash = "2bfb77cfd5919a7a31cc3adb89093f085c21721471844aea465e5e21a6cf8607"
python-versions = "^3.7"

[metadata.files]
prompt = [
    {file = "prompt-0.4.1-py3-none-any.whl", hash = "sha256:98527de8dc3f0aa29669a39fbffeaf578ba6654dc836f737b6a5c6f9279002b7"},
    {file = "prompt-0.4.1.tar.gz", hash = "sha256:8a7694b88f8c65188a983315e72582bf42fcc251b97042be1d2a2ad1aa0ebe0e"},
]
